
Microsoft Visual Studio Solution File, Format Version 12.00
Project("{FAE04EC0-301F-11D3-BF4B-00C04F79EFBC}") = "Application", "Application\Application.csproj", "{EF25BF31-7A71-4E80-AC56-0571B9A974C9}"
EndProject
Project("{FAE04EC0-301F-11D3-BF4B-00C04F79EFBC}") = "Domain", "Domain\Domain.csproj", "{0B3F0955-710C-4375-9B32-9DAA9680B587}"
EndProject
Project("{FAE04EC0-301F-11D3-BF4B-00C04F79EFBC}") = "FileData", "FileData\FileData.csproj", "{DFBF1187-ED4A-41AA-9E85-117C754BD807}"
EndProject
Project("{FAE04EC0-301F-11D3-BF4B-00C04F79EFBC}") = "WebApi", "WebApi\WebApi.csproj", "{0E73306F-CCE8-4ECD-9E01-16B0D8B72C5A}"
EndProject
Global
	GlobalSection(SolutionConfigurationPlatforms) = preSolution
		Debug|Any CPU = Debug|Any CPU
		Release|Any CPU = Release|Any CPU
	EndGlobalSection
	GlobalSection(ProjectConfigurationPlatforms) = postSolution
		{EF25BF31-7A71-4E80-AC56-0571B9A974C9}.Debug|Any CPU.ActiveCfg = Debug|Any CPU
		{EF25BF31-7A71-4E80-AC56-0571B9A974C9}.Debug|Any CPU.Build.0 = Debug|Any CPU
		{EF25BF31-7A71-4E80-AC56-0571B9A974C9}.Release|Any CPU.ActiveCfg = Release|Any CPU
		{EF25BF31-7A71-4E80-AC56-0571B9A974C9}.Release|Any CPU.Build.0 = Release|Any CPU
		{0B3F0955-710C-4375-9B32-9DAA9680B587}.Debug|Any CPU.ActiveCfg = Debug|Any CPU
		{0B3F0955-710C-4375-9B32-9DAA9680B587}.Debug|Any CPU.Build.0 = Debug|Any CPU
		{0B3F0955-710C-4375-9B32-9DAA9680B587}.Release|Any CPU.ActiveCfg = Release|Any CPU
		{0B3F0955-710C-4375-9B32-9DAA9680B587}.Release|Any CPU.Build.0 = Release|Any CPU
		{DFBF1187-ED4A-41AA-9E85-117C754BD807}.Debug|Any CPU.ActiveCfg = Debug|Any CPU
		{DFBF1187-ED4A-41AA-9E85-117C754BD807}.Debug|Any CPU.Build.0 = Debug|Any CPU
		{DFBF1187-ED4A-41AA-9E85-117C754BD807}.Release|Any CPU.ActiveCfg = Release|Any CPU
		{DFBF1187-ED4A-41AA-9E85-117C754BD807}.Release|Any CPU.Build.0 = Release|Any CPU
		{0E73306F-CCE8-4ECD-9E01-16B0D8B72C5A}.Debug|Any CPU.ActiveCfg = Debug|Any CPU
		{0E73306F-CCE8-4ECD-9E01-16B0D8B72C5A}.Debug|Any CPU.Build.0 = Debug|Any CPU
		{0E73306F-CCE8-4ECD-9E01-16B0D8B72C5A}.Release|Any CPU.ActiveCfg = Release|Any CPU
		{0E73306F-CCE8-4ECD-9E01-16B0D8B72C5A}.Release|Any CPU.Build.0 = Release|Any CPU
	EndGlobalSection
EndGlobal
